
Microsoft Visual Studio Solution File, Format Version 12.00
# Visual Studio Version 17
VisualStudioVersion = 17.9.34622.214
MinimumVisualStudioVersion = 10.0.40219.1
Project("{FAE04EC0-301F-11D3-BF4B-00C04F79EFBC}") = "PT_04_smthScary", "PT_04_smthScary\PT_04_smthScary.csproj", "{947CAA32-C8C6-4D7A-9E32-5D81B4768FD9}"
EndProject
Global
	GlobalSection(SolutionConfigurationPlatforms) = preSolution
		Debug|Any CPU = Debug|Any CPU
		Release|Any CPU = Release|Any CPU
	EndGlobalSection
	GlobalSection(ProjectConfigurationPlatforms) = postSolution
		{947CAA32-C8C6-4D7A-9E32-5D81B4768FD9}.Debug|Any CPU.ActiveCfg = Debug|Any CPU
		{947CAA32-C8C6-4D7A-9E32-5D81B4768FD9}.Debug|Any CPU.Build.0 = Debug|Any CPU
		{947CAA32-C8C6-4D7A-9E32-5D81B4768FD9}.Release|Any CPU.ActiveCfg = Release|Any CPU
		{947CAA32-C8C6-4D7A-9E32-5D81B4768FD9}.Release|Any CPU.Build.0 = Release|Any CPU
	EndGlobalSection
	GlobalSection(SolutionProperties) = preSolution
		HideSolutionNode = FALSE
	EndGlobalSection
	GlobalSection(ExtensibilityGlobals) = postSolution
		SolutionGuid = {2E63D9F8-E040-4CB5-AF3F-1F73D977158F}
	EndGlobalSection
EndGlobal
