
Microsoft Visual Studio Solution File, Format Version 12.00
# Visual Studio Version 17
VisualStudioVersion = 17.9.34622.214
MinimumVisualStudioVersion = 10.0.40219.1
Project("{FAE04EC0-301F-11D3-BF4B-00C04F79EFBC}") = "PT_02_randomPairNum", "PT_02_randomPairNum\PT_02_randomPairNum.csproj", "{4DD164BD-A477-4991-B79C-C4DBE657B568}"
EndProject
Global
	GlobalSection(SolutionConfigurationPlatforms) = preSolution
		Debug|Any CPU = Debug|Any CPU
		Release|Any CPU = Release|Any CPU
	EndGlobalSection
	GlobalSection(ProjectConfigurationPlatforms) = postSolution
		{4DD164BD-A477-4991-B79C-C4DBE657B568}.Debug|Any CPU.ActiveCfg = Debug|Any CPU
		{4DD164BD-A477-4991-B79C-C4DBE657B568}.Debug|Any CPU.Build.0 = Debug|Any CPU
		{4DD164BD-A477-4991-B79C-C4DBE657B568}.Release|Any CPU.ActiveCfg = Release|Any CPU
		{4DD164BD-A477-4991-B79C-C4DBE657B568}.Release|Any CPU.Build.0 = Release|Any CPU
	EndGlobalSection
	GlobalSection(SolutionProperties) = preSolution
		HideSolutionNode = FALSE
	EndGlobalSection
	GlobalSection(ExtensibilityGlobals) = postSolution
		SolutionGuid = {0D51A15E-60C1-49E1-80AA-7140DB0BB2E5}
	EndGlobalSection
EndGlobal
